<?xml version="1.0" encoding="utf-8"?>
<Project ToolsVersion="4.0" xmlns="http://schemas.microsoft.com/developer/msbuild/2003">
  <ItemGroup>
    <Filter Include="Engine">
      <UniqueIdentifier>{10476c48-a231-42ee-9918-0bb910d152d1}</UniqueIdentifier>
    </Filter>
    <Filter Include="Game">
      <UniqueIdentifier>{23f5f96b-f34d-4cdc-aeef-16b07ae00b09}</UniqueIdentifier>
    </Filter>
    <Filter Include="Engine\Core">
      <UniqueIdentifier>{903c33e2-0041-465d-a981-f80be043fb26}</UniqueIdentifier>
    </Filter>
    <Filter Include="Engine\Scene">
      <UniqueIdentifier>{88ae6aa5-2a94-4859-926c-dc30f1364ba7}</UniqueIdentifier>
    </Filter>
    <Filter Include="Engine\Helper">
      <UniqueIdentifier>{9959b46a-587a-4b6e-aa58-b6cb76511bb8}</UniqueIdentifier>
    </Filter>
    <Filter Include="Engine\Utility">
      <UniqueIdentifier>{880fd573-6f90-4570-9f95-fac6f7587d5f}</UniqueIdentifier>
    </Filter>
    <Filter Include="Engine\Renderer">
      <UniqueIdentifier>{5386d451-77bb-423b-be2e-a732df19f705}</UniqueIdentifier>
    </Filter>
    <Filter Include="Engine\Texture">
      <UniqueIdentifier>{26b9a860-9eb7-46ad-a29b-6a114dcdd29d}</UniqueIdentifier>
    </Filter>
    <Filter Include="Engine\Entity">
      <UniqueIdentifier>{d2d6697b-84f1-4b6f-86b3-37b675067afc}</UniqueIdentifier>
    </Filter>
    <Filter Include="Engine\Input">
      <UniqueIdentifier>{94f2a0e6-620a-4b13-89fb-3190ec8a0440}</UniqueIdentifier>
    </Filter>
    <Filter Include="Game\Entity">
      <UniqueIdentifier>{5fffd2d7-0119-480e-b948-4965dade7ca7}</UniqueIdentifier>
    </Filter>
    <Filter Include="Game\Scene">
      <UniqueIdentifier>{eaf5adf0-0918-482d-a8d2-92dd901d772b}</UniqueIdentifier>
    </Filter>
    <Filter Include="Engine\Font">
      <UniqueIdentifier>{a2a2d084-77e6-492e-abfc-be428241322c}</UniqueIdentifier>
    </Filter>
    <Filter Include="Engine\Text">
      <UniqueIdentifier>{b4485773-97e6-454b-af2f-0e731362c4bf}</UniqueIdentifier>
    </Filter>
    <Filter Include="Engine\Physics">
      <UniqueIdentifier>{b98e4fe5-7ac6-4340-9340-c3272ca81831}</UniqueIdentifier>
    </Filter>
    <Filter Include="Game\World">
      <UniqueIdentifier>{311784a4-fb19-45a2-aaaa-00df748f484a}</UniqueIdentifier>
    </Filter>
    <Filter Include="Engine\Time">
      <UniqueIdentifier>{28e8b909-711f-4dc5-84de-9d84dfb3ab20}</UniqueIdentifier>
    </Filter>
    <Filter Include="Engine\Animation">
      <UniqueIdentifier>{7a9ebeca-ed6f-4db9-8d6a-737ec193851a}</UniqueIdentifier>
    </Filter>
    <Filter Include="Game\Entity\Enemy">
      <UniqueIdentifier>{b2506091-8590-4f17-9efc-a606b9b50f1d}</UniqueIdentifier>
    </Filter>
    <Filter Include="Game\Entity\Enemy\Boss">
      <UniqueIdentifier>{48f5ee3a-1ebb-48a1-926b-6744eebc8a7b}</UniqueIdentifier>
    </Filter>
    <Filter Include="Game\Entity\Enemy\Weapons">
      <UniqueIdentifier>{69e34665-7a01-48ef-a83a-0f9311ae7614}</UniqueIdentifier>
    </Filter>
    <Filter Include="Game\Background">
      <UniqueIdentifier>{80b96e61-bb28-44f6-a1cd-816672a5840f}</UniqueIdentifier>
    </Filter>
  </ItemGroup>
  <ItemGroup>
    <ClCompile Include="Engine.cpp">
      <Filter>Engine\Core</Filter>
    </ClCompile>
    <ClCompile Include="Scene.cpp">
      <Filter>Engine\Scene</Filter>
    </ClCompile>
    <ClCompile Include="Helper.cpp">
      <Filter>Engine\Helper</Filter>
    </ClCompile>
    <ClCompile Include="Rect.cpp">
      <Filter>Engine\Utility</Filter>
    </ClCompile>
    <ClCompile Include="Renderer.cpp">
      <Filter>Engine\Renderer</Filter>
    </ClCompile>
    <ClCompile Include="Texture.cpp">
      <Filter>Engine\Texture</Filter>
    </ClCompile>
    <ClCompile Include="TexturedEntity.cpp">
      <Filter>Engine\Entity</Filter>
    </ClCompile>
    <ClCompile Include="main.cpp" />
    <ClCompile Include="Input.cpp">
      <Filter>Engine\Input</Filter>
    </ClCompile>
    <ClCompile Include="Actor.cpp">
      <Filter>Engine\Entity</Filter>
    </ClCompile>
    <ClCompile Include="MainScene.cpp">
      <Filter>Game\Scene</Filter>
    </ClCompile>
    <ClCompile Include="Player.cpp">
      <Filter>Game\Entity</Filter>
    </ClCompile>
    <ClCompile Include="FollowEntity.cpp">
      <Filter>Game\Entity</Filter>
    </ClCompile>
    <ClCompile Include="Font.cpp">
      <Filter>Engine\Font</Filter>
    </ClCompile>
    <ClCompile Include="Color.cpp">
      <Filter>Engine\Utility</Filter>
    </ClCompile>
    <ClCompile Include="Text.cpp">
      <Filter>Engine\Text</Filter>
    </ClCompile>
    <ClCompile Include="Physics.cpp">
      <Filter>Engine\Physics</Filter>
    </ClCompile>
    <ClCompile Include="World.cpp">
      <Filter>Game\World</Filter>
    </ClCompile>
    <ClCompile Include="Time.cpp">
      <Filter>Engine\Time</Filter>
    </ClCompile>
    <ClCompile Include="MenuScene.cpp">
      <Filter>Game\Scene</Filter>
    </ClCompile>
    <ClCompile Include="MenuPlayer.cpp">
      <Filter>Game\Entity</Filter>
    </ClCompile>
    <ClCompile Include="Pickup.cpp">
      <Filter>Engine\Entity</Filter>
    </ClCompile>
    <ClCompile Include="Melee.cpp">
      <Filter>Game\Entity\Enemy</Filter>
    </ClCompile>
    <ClCompile Include="Ranged.cpp">
      <Filter>Game\Entity\Enemy</Filter>
    </ClCompile>
    <ClCompile Include="Animation.cpp">
      <Filter>Engine\Animation</Filter>
    </ClCompile>
    <ClCompile Include="Boss.cpp">
      <Filter>Game\Entity\Enemy\Boss</Filter>
    </ClCompile>
    <ClCompile Include="MeleeWeapon.cpp">
      <Filter>Game\Entity\Enemy\Weapons</Filter>
    </ClCompile>
    <ClCompile Include="RangedWeapon.cpp">
      <Filter>Game\Entity\Enemy\Weapons</Filter>
    </ClCompile>
    <ClCompile Include="Background.cpp">
      <Filter>Game\Background</Filter>
    </ClCompile>
  </ItemGroup>
  <ItemGroup>
    <ClInclude Include="Engine.h">
      <Filter>Engine\Core</Filter>
    </ClInclude>
    <ClInclude Include="Scene.h">
      <Filter>Engine\Scene</Filter>
    </ClInclude>
    <ClInclude Include="Helper.h">
      <Filter>Engine\Helper</Filter>
    </ClInclude>
    <ClInclude Include="Rect.h">
      <Filter>Engine\Utility</Filter>
    </ClInclude>
    <ClInclude Include="Texture.h">
      <Filter>Engine\Texture</Filter>
    </ClInclude>
    <ClInclude Include="Entity.h">
      <Filter>Engine\Entity</Filter>
    </ClInclude>
    <ClInclude Include="TexturedEntity.h">
      <Filter>Engine\Entity</Filter>
    </ClInclude>
    <ClInclude Include="Renderer.h">
      <Filter>Engine\Renderer</Filter>
    </ClInclude>
    <ClInclude Include="Input.h">
      <Filter>Engine\Input</Filter>
    </ClInclude>
    <ClInclude Include="Actor.h">
      <Filter>Engine\Entity</Filter>
    </ClInclude>
    <ClInclude Include="MainScene.h">
      <Filter>Game\Scene</Filter>
    </ClInclude>
    <ClInclude Include="Player.h">
      <Filter>Game\Entity</Filter>
    </ClInclude>
    <ClInclude Include="FollowEntity.h">
      <Filter>Game\Entity</Filter>
    </ClInclude>
    <ClInclude Include="Font.h">
      <Filter>Engine\Font</Filter>
    </ClInclude>
    <ClInclude Include="Color.h">
      <Filter>Engine\Utility</Filter>
    </ClInclude>
    <ClInclude Include="Text.h">
      <Filter>Engine\Text</Filter>
    </ClInclude>
    <ClInclude Include="Physics.h">
      <Filter>Engine\Physics</Filter>
    </ClInclude>
    <ClInclude Include="World.h">
      <Filter>Game\World</Filter>
    </ClInclude>
    <ClInclude Include="Time.h">
      <Filter>Engine\Time</Filter>
    </ClInclude>
    <ClInclude Include="Macros.h">
      <Filter>Engine\Helper</Filter>
    </ClInclude>
    <ClInclude Include="MenuScene.h">
      <Filter>Game\Scene</Filter>
    </ClInclude>
    <ClInclude Include="MenuPlayer.h">
      <Filter>Game\Entity</Filter>
    </ClInclude>
    <ClInclude Include="Pickup.h">
      <Filter>Engine\Entity</Filter>
    </ClInclude>
    <ClInclude Include="Melee.h">
      <Filter>Game\Entity\Enemy</Filter>
    </ClInclude>
    <ClInclude Include="Ranged.h">
      <Filter>Game\Entity\Enemy</Filter>
    </ClInclude>
    <ClInclude Include="Vector2.h">
      <Filter>Engine\Utility</Filter>
    </ClInclude>
    <ClInclude Include="Animation.h">
      <Filter>Engine\Animation</Filter>
    </ClInclude>
    <ClInclude Include="Boss.h">
      <Filter>Game\Entity\Enemy\Boss</Filter>
    </ClInclude>
    <ClInclude Include="MeleeWeapon.h">
      <Filter>Game\Entity\Enemy\Weapons</Filter>
    </ClInclude>
    <ClInclude Include="RangedWeapon.h">
      <Filter>Game\Entity\Enemy\Weapons</Filter>
    </ClInclude>
    <ClInclude Include="Background.h">
      <Filter>Game\Background</Filter>
    </ClInclude>
  </ItemGroup>
</Project>